
Microsoft Visual Studio Solution File, Format Version 12.00
# Visual Studio Version 17
VisualStudioVersion = 17.5.002.0
MinimumVisualStudioVersion = 10.0.40219.1
Project("{2150E333-8FDC-42A3-9474-1A3956D46DE8}") = "Creational", "Creational", "{608395AD-B8E2-425C-8818-ABF07F0397D7}"
EndProject
Project("{9A19103F-16F7-4668-BE54-9A1E7A4F7556}") = "Builder", "Creational\Builder\Builder.csproj", "{F67ACE52-2B37-4F16-85CC-609A649CE7F1}"
EndProject
Project("{9A19103F-16F7-4668-BE54-9A1E7A4F7556}") = "AbstractFactory", "Creational\AbstractFactory\AbstractFactory.csproj", "{11806B72-0075-47F8-91D9-825B9BA289C2}"
EndProject
Project("{9A19103F-16F7-4668-BE54-9A1E7A4F7556}") = "Prototype", "Creational\Prototype\Prototype.csproj", "{BC84F027-3DE8-418E-A4BB-2D1B5C2FD0A0}"
EndProject
Project("{9A19103F-16F7-4668-BE54-9A1E7A4F7556}") = "Singleton", "Creational\Singleton\Singleton.csproj", "{AEA67DA0-4EA0-4BCC-89BB-93D25D2DD10A}"
EndProject
Project("{9A19103F-16F7-4668-BE54-9A1E7A4F7556}") = "FactoryMethod", "Creational\FactoryMethod\FactoryMethod.csproj", "{EEEDC235-DD3A-4FC3-8026-CC7329CA4CE2}"
EndProject
Project("{2150E333-8FDC-42A3-9474-1A3956D46DE8}") = "Behavioral", "Behavioral", "{51FFC726-CB36-49EF-A37F-146D2D466B42}"
EndProject
Project("{9A19103F-16F7-4668-BE54-9A1E7A4F7556}") = "ChainOfResponsibility", "Behavioral\ChainOfResponsibility\ChainOfResponsibility.csproj", "{FF93190B-9694-45AC-820F-49ED33AA5EAD}"
EndProject
Project("{9A19103F-16F7-4668-BE54-9A1E7A4F7556}") = "State", "Behavioral\State\State.csproj", "{6833EEFA-7B7A-4B26-AE92-FA986DB35F0E}"
EndProject
Project("{9A19103F-16F7-4668-BE54-9A1E7A4F7556}") = "Iterator", "Behavioral\Iterator\Iterator.csproj", "{AFF2B1E8-2F50-400A-8EE2-0324B4AE37C2}"
EndProject
Project("{9A19103F-16F7-4668-BE54-9A1E7A4F7556}") = "Observer", "Behavioral\Observer\Observer.csproj", "{A3C95F11-3D6D-447F-95C9-74FB63284F0D}"
EndProject
Project("{9A19103F-16F7-4668-BE54-9A1E7A4F7556}") = "TemplateMethod", "Behavioral\TemplateMethod\TemplateMethod.csproj", "{654172C3-A517-4BDE-85F4-16E754FABBCE}"
EndProject
Project("{9A19103F-16F7-4668-BE54-9A1E7A4F7556}") = "Mediator", "Behavioral\Mediator\Mediator.csproj", "{4061F56F-AE9D-460E-B837-842774329947}"
EndProject
Project("{9A19103F-16F7-4668-BE54-9A1E7A4F7556}") = "Momento", "Behavioral\Momento\Momento.csproj", "{07F1845B-82E4-4D17-B1CD-AFA59052824D}"
EndProject
Project("{9A19103F-16F7-4668-BE54-9A1E7A4F7556}") = "Command", "Behavioral\Command\Command.csproj", "{ADE5702B-55BA-4F15-A102-CCEDBECD636C}"
EndProject
Project("{9A19103F-16F7-4668-BE54-9A1E7A4F7556}") = "Interpreter", "Behavioral\Interpreter\Interpreter.csproj", "{46D559C7-F24F-495D-969D-CAB504B56F52}"
EndProject
Project("{9A19103F-16F7-4668-BE54-9A1E7A4F7556}") = "Visitor", "Behavioral\Visitor\Visitor.csproj", "{D9FA80E1-0FF1-4BC0-9D73-7EBC2D2A9146}"
EndProject
Project("{9A19103F-16F7-4668-BE54-9A1E7A4F7556}") = "Strategy", "Behavioral\Strategy\Strategy.csproj", "{DDEA99C0-7A70-40C3-9D9A-F8F8DE616871}"
EndProject
Project("{2150E333-8FDC-42A3-9474-1A3956D46DE8}") = "Structural", "Structural", "{9B079B35-14CF-4B41-B998-2F2E7A40C179}"
EndProject
Project("{9A19103F-16F7-4668-BE54-9A1E7A4F7556}") = "Proxy", "Structural\Proxy\Proxy.csproj", "{1DE43731-3943-40D3-92C9-A9FFE738B936}"
EndProject
Project("{9A19103F-16F7-4668-BE54-9A1E7A4F7556}") = "Flyweight", "Structural\Flyweight\Flyweight.csproj", "{69279B73-6571-4B01-817A-7A1E040F459D}"
EndProject
Project("{9A19103F-16F7-4668-BE54-9A1E7A4F7556}") = "Facade", "Structural\Facade\Facade.csproj", "{959FC7F0-DAE7-4648-8C3F-D7DA5AF7183B}"
EndProject
Project("{9A19103F-16F7-4668-BE54-9A1E7A4F7556}") = "Adapter", "Structural\Adapter\Adapter.csproj", "{2E82F963-F324-4FBD-98D9-FD1978FE1E83}"
EndProject
Project("{9A19103F-16F7-4668-BE54-9A1E7A4F7556}") = "Decorator", "Structural\Decorator\Decorator.csproj", "{E2237B2B-EA18-4763-AFB6-1E6B199932D4}"
EndProject
Project("{9A19103F-16F7-4668-BE54-9A1E7A4F7556}") = "Bridge", "Structural\Bridge\Bridge.csproj", "{ABC91DFA-1EE1-42F7-93A9-8046E40D8061}"
EndProject
Project("{9A19103F-16F7-4668-BE54-9A1E7A4F7556}") = "Composite", "Structural\Composite\Composite.csproj", "{F3C92C4A-10B6-44DB-A920-3DD95879AAA3}"
EndProject
Global
	GlobalSection(SolutionConfigurationPlatforms) = preSolution
		Debug|Any CPU = Debug|Any CPU
		Release|Any CPU = Release|Any CPU
	EndGlobalSection
	GlobalSection(ProjectConfigurationPlatforms) = postSolution
		{F67ACE52-2B37-4F16-85CC-609A649CE7F1}.Debug|Any CPU.ActiveCfg = Debug|Any CPU
		{F67ACE52-2B37-4F16-85CC-609A649CE7F1}.Debug|Any CPU.Build.0 = Debug|Any CPU
		{F67ACE52-2B37-4F16-85CC-609A649CE7F1}.Release|Any CPU.ActiveCfg = Release|Any CPU
		{F67ACE52-2B37-4F16-85CC-609A649CE7F1}.Release|Any CPU.Build.0 = Release|Any CPU
		{11806B72-0075-47F8-91D9-825B9BA289C2}.Debug|Any CPU.ActiveCfg = Debug|Any CPU
		{11806B72-0075-47F8-91D9-825B9BA289C2}.Debug|Any CPU.Build.0 = Debug|Any CPU
		{11806B72-0075-47F8-91D9-825B9BA289C2}.Release|Any CPU.ActiveCfg = Release|Any CPU
		{11806B72-0075-47F8-91D9-825B9BA289C2}.Release|Any CPU.Build.0 = Release|Any CPU
		{BC84F027-3DE8-418E-A4BB-2D1B5C2FD0A0}.Debug|Any CPU.ActiveCfg = Debug|Any CPU
		{BC84F027-3DE8-418E-A4BB-2D1B5C2FD0A0}.Debug|Any CPU.Build.0 = Debug|Any CPU
		{BC84F027-3DE8-418E-A4BB-2D1B5C2FD0A0}.Release|Any CPU.ActiveCfg = Release|Any CPU
		{BC84F027-3DE8-418E-A4BB-2D1B5C2FD0A0}.Release|Any CPU.Build.0 = Release|Any CPU
		{AEA67DA0-4EA0-4BCC-89BB-93D25D2DD10A}.Debug|Any CPU.ActiveCfg = Debug|Any CPU
		{AEA67DA0-4EA0-4BCC-89BB-93D25D2DD10A}.Debug|Any CPU.Build.0 = Debug|Any CPU
		{AEA67DA0-4EA0-4BCC-89BB-93D25D2DD10A}.Release|Any CPU.ActiveCfg = Release|Any CPU
		{AEA67DA0-4EA0-4BCC-89BB-93D25D2DD10A}.Release|Any CPU.Build.0 = Release|Any CPU
		{EEEDC235-DD3A-4FC3-8026-CC7329CA4CE2}.Debug|Any CPU.ActiveCfg = Debug|Any CPU
		{EEEDC235-DD3A-4FC3-8026-CC7329CA4CE2}.Debug|Any CPU.Build.0 = Debug|Any CPU
		{EEEDC235-DD3A-4FC3-8026-CC7329CA4CE2}.Release|Any CPU.ActiveCfg = Release|Any CPU
		{EEEDC235-DD3A-4FC3-8026-CC7329CA4CE2}.Release|Any CPU.Build.0 = Release|Any CPU
		{FF93190B-9694-45AC-820F-49ED33AA5EAD}.Debug|Any CPU.ActiveCfg = Debug|Any CPU
		{FF93190B-9694-45AC-820F-49ED33AA5EAD}.Debug|Any CPU.Build.0 = Debug|Any CPU
		{FF93190B-9694-45AC-820F-49ED33AA5EAD}.Release|Any CPU.ActiveCfg = Release|Any CPU
		{FF93190B-9694-45AC-820F-49ED33AA5EAD}.Release|Any CPU.Build.0 = Release|Any CPU
		{6833EEFA-7B7A-4B26-AE92-FA986DB35F0E}.Debug|Any CPU.ActiveCfg = Debug|Any CPU
		{6833EEFA-7B7A-4B26-AE92-FA986DB35F0E}.Debug|Any CPU.Build.0 = Debug|Any CPU
		{6833EEFA-7B7A-4B26-AE92-FA986DB35F0E}.Release|Any CPU.ActiveCfg = Release|Any CPU
		{6833EEFA-7B7A-4B26-AE92-FA986DB35F0E}.Release|Any CPU.Build.0 = Release|Any CPU
		{AFF2B1E8-2F50-400A-8EE2-0324B4AE37C2}.Debug|Any CPU.ActiveCfg = Debug|Any CPU
		{AFF2B1E8-2F50-400A-8EE2-0324B4AE37C2}.Debug|Any CPU.Build.0 = Debug|Any CPU
		{AFF2B1E8-2F50-400A-8EE2-0324B4AE37C2}.Release|Any CPU.ActiveCfg = Release|Any CPU
		{AFF2B1E8-2F50-400A-8EE2-0324B4AE37C2}.Release|Any CPU.Build.0 = Release|Any CPU
		{A3C95F11-3D6D-447F-95C9-74FB63284F0D}.Debug|Any CPU.ActiveCfg = Debug|Any CPU
		{A3C95F11-3D6D-447F-95C9-74FB63284F0D}.Debug|Any CPU.Build.0 = Debug|Any CPU
		{A3C95F11-3D6D-447F-95C9-74FB63284F0D}.Release|Any CPU.ActiveCfg = Release|Any CPU
		{A3C95F11-3D6D-447F-95C9-74FB63284F0D}.Release|Any CPU.Build.0 = Release|Any CPU
		{654172C3-A517-4BDE-85F4-16E754FABBCE}.Debug|Any CPU.ActiveCfg = Debug|Any CPU
		{654172C3-A517-4BDE-85F4-16E754FABBCE}.Debug|Any CPU.Build.0 = Debug|Any CPU
		{654172C3-A517-4BDE-85F4-16E754FABBCE}.Release|Any CPU.ActiveCfg = Release|Any CPU
		{654172C3-A517-4BDE-85F4-16E754FABBCE}.Release|Any CPU.Build.0 = Release|Any CPU
		{4061F56F-AE9D-460E-B837-842774329947}.Debug|Any CPU.ActiveCfg = Debug|Any CPU
		{4061F56F-AE9D-460E-B837-842774329947}.Debug|Any CPU.Build.0 = Debug|Any CPU
		{4061F56F-AE9D-460E-B837-842774329947}.Release|Any CPU.ActiveCfg = Release|Any CPU
		{4061F56F-AE9D-460E-B837-842774329947}.Release|Any CPU.Build.0 = Release|Any CPU
		{07F1845B-82E4-4D17-B1CD-AFA59052824D}.Debug|Any CPU.ActiveCfg = Debug|Any CPU
		{07F1845B-82E4-4D17-B1CD-AFA59052824D}.Debug|Any CPU.Build.0 = Debug|Any CPU
		{07F1845B-82E4-4D17-B1CD-AFA59052824D}.Release|Any CPU.ActiveCfg = Release|Any CPU
		{07F1845B-82E4-4D17-B1CD-AFA59052824D}.Release|Any CPU.Build.0 = Release|Any CPU
		{ADE5702B-55BA-4F15-A102-CCEDBECD636C}.Debug|Any CPU.ActiveCfg = Debug|Any CPU
		{ADE5702B-55BA-4F15-A102-CCEDBECD636C}.Debug|Any CPU.Build.0 = Debug|Any CPU
		{ADE5702B-55BA-4F15-A102-CCEDBECD636C}.Release|Any CPU.ActiveCfg = Release|Any CPU
		{ADE5702B-55BA-4F15-A102-CCEDBECD636C}.Release|Any CPU.Build.0 = Release|Any CPU
		{46D559C7-F24F-495D-969D-CAB504B56F52}.Debug|Any CPU.ActiveCfg = Debug|Any CPU
		{46D559C7-F24F-495D-969D-CAB504B56F52}.Debug|Any CPU.Build.0 = Debug|Any CPU
		{46D559C7-F24F-495D-969D-CAB504B56F52}.Release|Any CPU.ActiveCfg = Release|Any CPU
		{46D559C7-F24F-495D-969D-CAB504B56F52}.Release|Any CPU.Build.0 = Release|Any CPU
		{D9FA80E1-0FF1-4BC0-9D73-7EBC2D2A9146}.Debug|Any CPU.ActiveCfg = Debug|Any CPU
		{D9FA80E1-0FF1-4BC0-9D73-7EBC2D2A9146}.Debug|Any CPU.Build.0 = Debug|Any CPU
		{D9FA80E1-0FF1-4BC0-9D73-7EBC2D2A9146}.Release|Any CPU.ActiveCfg = Release|Any CPU
		{D9FA80E1-0FF1-4BC0-9D73-7EBC2D2A9146}.Release|Any CPU.Build.0 = Release|Any CPU
		{DDEA99C0-7A70-40C3-9D9A-F8F8DE616871}.Debug|Any CPU.ActiveCfg = Debug|Any CPU
		{DDEA99C0-7A70-40C3-9D9A-F8F8DE616871}.Debug|Any CPU.Build.0 = Debug|Any CPU
		{DDEA99C0-7A70-40C3-9D9A-F8F8DE616871}.Release|Any CPU.ActiveCfg = Release|Any CPU
		{DDEA99C0-7A70-40C3-9D9A-F8F8DE616871}.Release|Any CPU.Build.0 = Release|Any CPU
		{1DE43731-3943-40D3-92C9-A9FFE738B936}.Debug|Any CPU.ActiveCfg = Debug|Any CPU
		{1DE43731-3943-40D3-92C9-A9FFE738B936}.Debug|Any CPU.Build.0 = Debug|Any CPU
		{1DE43731-3943-40D3-92C9-A9FFE738B936}.Release|Any CPU.ActiveCfg = Release|Any CPU
		{1DE43731-3943-40D3-92C9-A9FFE738B936}.Release|Any CPU.Build.0 = Release|Any CPU
		{69279B73-6571-4B01-817A-7A1E040F459D}.Debug|Any CPU.ActiveCfg = Debug|Any CPU
		{69279B73-6571-4B01-817A-7A1E040F459D}.Debug|Any CPU.Build.0 = Debug|Any CPU
		{69279B73-6571-4B01-817A-7A1E040F459D}.Release|Any CPU.ActiveCfg = Release|Any CPU
		{69279B73-6571-4B01-817A-7A1E040F459D}.Release|Any CPU.Build.0 = Release|Any CPU
		{959FC7F0-DAE7-4648-8C3F-D7DA5AF7183B}.Debug|Any CPU.ActiveCfg = Debug|Any CPU
		{959FC7F0-DAE7-4648-8C3F-D7DA5AF7183B}.Debug|Any CPU.Build.0 = Debug|Any CPU
		{959FC7F0-DAE7-4648-8C3F-D7DA5AF7183B}.Release|Any CPU.ActiveCfg = Release|Any CPU
		{959FC7F0-DAE7-4648-8C3F-D7DA5AF7183B}.Release|Any CPU.Build.0 = Release|Any CPU
		{2E82F963-F324-4FBD-98D9-FD1978FE1E83}.Debug|Any CPU.ActiveCfg = Debug|Any CPU
		{2E82F963-F324-4FBD-98D9-FD1978FE1E83}.Debug|Any CPU.Build.0 = Debug|Any CPU
		{2E82F963-F324-4FBD-98D9-FD1978FE1E83}.Release|Any CPU.ActiveCfg = Release|Any CPU
		{2E82F963-F324-4FBD-98D9-FD1978FE1E83}.Release|Any CPU.Build.0 = Release|Any CPU
		{E2237B2B-EA18-4763-AFB6-1E6B199932D4}.Debug|Any CPU.ActiveCfg = Debug|Any CPU
		{E2237B2B-EA18-4763-AFB6-1E6B199932D4}.Debug|Any CPU.Build.0 = Debug|Any CPU
		{E2237B2B-EA18-4763-AFB6-1E6B199932D4}.Release|Any CPU.ActiveCfg = Release|Any CPU
		{E2237B2B-EA18-4763-AFB6-1E6B199932D4}.Release|Any CPU.Build.0 = Release|Any CPU
		{ABC91DFA-1EE1-42F7-93A9-8046E40D8061}.Debug|Any CPU.ActiveCfg = Debug|Any CPU
		{ABC91DFA-1EE1-42F7-93A9-8046E40D8061}.Debug|Any CPU.Build.0 = Debug|Any CPU
		{ABC91DFA-1EE1-42F7-93A9-8046E40D8061}.Release|Any CPU.ActiveCfg = Release|Any CPU
		{ABC91DFA-1EE1-42F7-93A9-8046E40D8061}.Release|Any CPU.Build.0 = Release|Any CPU
		{F3C92C4A-10B6-44DB-A920-3DD95879AAA3}.Debug|Any CPU.ActiveCfg = Debug|Any CPU
		{F3C92C4A-10B6-44DB-A920-3DD95879AAA3}.Debug|Any CPU.Build.0 = Debug|Any CPU
		{F3C92C4A-10B6-44DB-A920-3DD95879AAA3}.Release|Any CPU.ActiveCfg = Release|Any CPU
		{F3C92C4A-10B6-44DB-A920-3DD95879AAA3}.Release|Any CPU.Build.0 = Release|Any CPU
	EndGlobalSection
	GlobalSection(SolutionProperties) = preSolution
		HideSolutionNode = FALSE
	EndGlobalSection
	GlobalSection(NestedProjects) = preSolution
		{F67ACE52-2B37-4F16-85CC-609A649CE7F1} = {608395AD-B8E2-425C-8818-ABF07F0397D7}
		{11806B72-0075-47F8-91D9-825B9BA289C2} = {608395AD-B8E2-425C-8818-ABF07F0397D7}
		{BC84F027-3DE8-418E-A4BB-2D1B5C2FD0A0} = {608395AD-B8E2-425C-8818-ABF07F0397D7}
		{AEA67DA0-4EA0-4BCC-89BB-93D25D2DD10A} = {608395AD-B8E2-425C-8818-ABF07F0397D7}
		{EEEDC235-DD3A-4FC3-8026-CC7329CA4CE2} = {608395AD-B8E2-425C-8818-ABF07F0397D7}
		{FF93190B-9694-45AC-820F-49ED33AA5EAD} = {51FFC726-CB36-49EF-A37F-146D2D466B42}
		{6833EEFA-7B7A-4B26-AE92-FA986DB35F0E} = {51FFC726-CB36-49EF-A37F-146D2D466B42}
		{AFF2B1E8-2F50-400A-8EE2-0324B4AE37C2} = {51FFC726-CB36-49EF-A37F-146D2D466B42}
		{A3C95F11-3D6D-447F-95C9-74FB63284F0D} = {51FFC726-CB36-49EF-A37F-146D2D466B42}
		{654172C3-A517-4BDE-85F4-16E754FABBCE} = {51FFC726-CB36-49EF-A37F-146D2D466B42}
		{4061F56F-AE9D-460E-B837-842774329947} = {51FFC726-CB36-49EF-A37F-146D2D466B42}
		{07F1845B-82E4-4D17-B1CD-AFA59052824D} = {51FFC726-CB36-49EF-A37F-146D2D466B42}
		{ADE5702B-55BA-4F15-A102-CCEDBECD636C} = {51FFC726-CB36-49EF-A37F-146D2D466B42}
		{46D559C7-F24F-495D-969D-CAB504B56F52} = {51FFC726-CB36-49EF-A37F-146D2D466B42}
		{D9FA80E1-0FF1-4BC0-9D73-7EBC2D2A9146} = {51FFC726-CB36-49EF-A37F-146D2D466B42}
		{DDEA99C0-7A70-40C3-9D9A-F8F8DE616871} = {51FFC726-CB36-49EF-A37F-146D2D466B42}
		{1DE43731-3943-40D3-92C9-A9FFE738B936} = {9B079B35-14CF-4B41-B998-2F2E7A40C179}
		{69279B73-6571-4B01-817A-7A1E040F459D} = {9B079B35-14CF-4B41-B998-2F2E7A40C179}
		{959FC7F0-DAE7-4648-8C3F-D7DA5AF7183B} = {9B079B35-14CF-4B41-B998-2F2E7A40C179}
		{2E82F963-F324-4FBD-98D9-FD1978FE1E83} = {9B079B35-14CF-4B41-B998-2F2E7A40C179}
		{E2237B2B-EA18-4763-AFB6-1E6B199932D4} = {9B079B35-14CF-4B41-B998-2F2E7A40C179}
		{ABC91DFA-1EE1-42F7-93A9-8046E40D8061} = {9B079B35-14CF-4B41-B998-2F2E7A40C179}
		{F3C92C4A-10B6-44DB-A920-3DD95879AAA3} = {9B079B35-14CF-4B41-B998-2F2E7A40C179}
	EndGlobalSection
	GlobalSection(ExtensibilityGlobals) = postSolution
		SolutionGuid = {B4AD8C44-4A42-48F5-9061-F7F2CC53C529}
	EndGlobalSection
EndGlobal
