
Microsoft Visual Studio Solution File, Format Version 12.00
# Visual Studio Version 17
VisualStudioVersion = 17.5.002.0
MinimumVisualStudioVersion = 10.0.40219.1
Project("{2150E333-8FDC-42A3-9474-1A3956D46DE8}") = "Creational", "Creational", "{9259CFDC-245D-444B-9786-F96D1100BA36}"
EndProject
Project("{9A19103F-16F7-4668-BE54-9A1E7A4F7556}") = "Builder", "Creational\Builder\Builder.csproj", "{98AB770D-14D0-4D44-A6C9-1C08CAC507BA}"
EndProject
Project("{9A19103F-16F7-4668-BE54-9A1E7A4F7556}") = "AbstractFactory", "Creational\AbstractFactory\AbstractFactory.csproj", "{913E5001-C59D-4C1A-8276-8291C73BC6E5}"
EndProject
Project("{9A19103F-16F7-4668-BE54-9A1E7A4F7556}") = "Prototype", "Creational\Prototype\Prototype.csproj", "{B8797C22-A4EA-47A8-ABFF-83FA0750ED69}"
EndProject
Project("{9A19103F-16F7-4668-BE54-9A1E7A4F7556}") = "Singleton", "Creational\Singleton\Singleton.csproj", "{9A4DE6B2-7210-475E-9636-1DE74530BE2C}"
EndProject
Project("{9A19103F-16F7-4668-BE54-9A1E7A4F7556}") = "FactoryMethod", "Creational\FactoryMethod\FactoryMethod.csproj", "{C3719539-4888-444B-B190-B6805A21D011}"
EndProject
Project("{2150E333-8FDC-42A3-9474-1A3956D46DE8}") = "Structural", "Structural", "{0669BAC9-9E6A-4BA2-9AEF-E1F9F05420C4}"
EndProject
Project("{9A19103F-16F7-4668-BE54-9A1E7A4F7556}") = "Adapter", "Structural\Adapter\Adapter.csproj", "{FF6C8A83-7D55-4593-8C6E-1F3A8669F3CD}"
EndProject
Project("{9A19103F-16F7-4668-BE54-9A1E7A4F7556}") = "Bridge", "Structural\Bridge\Bridge.csproj", "{A3680393-9B30-4A02-9D4F-BC93DE379E2A}"
EndProject
Project("{9A19103F-16F7-4668-BE54-9A1E7A4F7556}") = "Composite", "Structural\Composite\Composite.csproj", "{6602CDFF-A0D0-485B-BDF1-32D706735740}"
EndProject
Global
	GlobalSection(SolutionConfigurationPlatforms) = preSolution
		Debug|Any CPU = Debug|Any CPU
		Release|Any CPU = Release|Any CPU
	EndGlobalSection
	GlobalSection(ProjectConfigurationPlatforms) = postSolution
		{98AB770D-14D0-4D44-A6C9-1C08CAC507BA}.Debug|Any CPU.ActiveCfg = Debug|Any CPU
		{98AB770D-14D0-4D44-A6C9-1C08CAC507BA}.Debug|Any CPU.Build.0 = Debug|Any CPU
		{98AB770D-14D0-4D44-A6C9-1C08CAC507BA}.Release|Any CPU.ActiveCfg = Release|Any CPU
		{98AB770D-14D0-4D44-A6C9-1C08CAC507BA}.Release|Any CPU.Build.0 = Release|Any CPU
		{913E5001-C59D-4C1A-8276-8291C73BC6E5}.Debug|Any CPU.ActiveCfg = Debug|Any CPU
		{913E5001-C59D-4C1A-8276-8291C73BC6E5}.Debug|Any CPU.Build.0 = Debug|Any CPU
		{913E5001-C59D-4C1A-8276-8291C73BC6E5}.Release|Any CPU.ActiveCfg = Release|Any CPU
		{913E5001-C59D-4C1A-8276-8291C73BC6E5}.Release|Any CPU.Build.0 = Release|Any CPU
		{B8797C22-A4EA-47A8-ABFF-83FA0750ED69}.Debug|Any CPU.ActiveCfg = Debug|Any CPU
		{B8797C22-A4EA-47A8-ABFF-83FA0750ED69}.Debug|Any CPU.Build.0 = Debug|Any CPU
		{B8797C22-A4EA-47A8-ABFF-83FA0750ED69}.Release|Any CPU.ActiveCfg = Release|Any CPU
		{B8797C22-A4EA-47A8-ABFF-83FA0750ED69}.Release|Any CPU.Build.0 = Release|Any CPU
		{9A4DE6B2-7210-475E-9636-1DE74530BE2C}.Debug|Any CPU.ActiveCfg = Debug|Any CPU
		{9A4DE6B2-7210-475E-9636-1DE74530BE2C}.Debug|Any CPU.Build.0 = Debug|Any CPU
		{9A4DE6B2-7210-475E-9636-1DE74530BE2C}.Release|Any CPU.ActiveCfg = Release|Any CPU
		{9A4DE6B2-7210-475E-9636-1DE74530BE2C}.Release|Any CPU.Build.0 = Release|Any CPU
		{C3719539-4888-444B-B190-B6805A21D011}.Debug|Any CPU.ActiveCfg = Debug|Any CPU
		{C3719539-4888-444B-B190-B6805A21D011}.Debug|Any CPU.Build.0 = Debug|Any CPU
		{C3719539-4888-444B-B190-B6805A21D011}.Release|Any CPU.ActiveCfg = Release|Any CPU
		{C3719539-4888-444B-B190-B6805A21D011}.Release|Any CPU.Build.0 = Release|Any CPU
		{FF6C8A83-7D55-4593-8C6E-1F3A8669F3CD}.Debug|Any CPU.ActiveCfg = Debug|Any CPU
		{FF6C8A83-7D55-4593-8C6E-1F3A8669F3CD}.Debug|Any CPU.Build.0 = Debug|Any CPU
		{FF6C8A83-7D55-4593-8C6E-1F3A8669F3CD}.Release|Any CPU.ActiveCfg = Release|Any CPU
		{FF6C8A83-7D55-4593-8C6E-1F3A8669F3CD}.Release|Any CPU.Build.0 = Release|Any CPU
		{A3680393-9B30-4A02-9D4F-BC93DE379E2A}.Debug|Any CPU.ActiveCfg = Debug|Any CPU
		{A3680393-9B30-4A02-9D4F-BC93DE379E2A}.Debug|Any CPU.Build.0 = Debug|Any CPU
		{A3680393-9B30-4A02-9D4F-BC93DE379E2A}.Release|Any CPU.ActiveCfg = Release|Any CPU
		{A3680393-9B30-4A02-9D4F-BC93DE379E2A}.Release|Any CPU.Build.0 = Release|Any CPU
		{6602CDFF-A0D0-485B-BDF1-32D706735740}.Debug|Any CPU.ActiveCfg = Debug|Any CPU
		{6602CDFF-A0D0-485B-BDF1-32D706735740}.Debug|Any CPU.Build.0 = Debug|Any CPU
		{6602CDFF-A0D0-485B-BDF1-32D706735740}.Release|Any CPU.ActiveCfg = Release|Any CPU
		{6602CDFF-A0D0-485B-BDF1-32D706735740}.Release|Any CPU.Build.0 = Release|Any CPU
	EndGlobalSection
	GlobalSection(SolutionProperties) = preSolution
		HideSolutionNode = FALSE
	EndGlobalSection
	GlobalSection(NestedProjects) = preSolution
		{98AB770D-14D0-4D44-A6C9-1C08CAC507BA} = {9259CFDC-245D-444B-9786-F96D1100BA36}
		{913E5001-C59D-4C1A-8276-8291C73BC6E5} = {9259CFDC-245D-444B-9786-F96D1100BA36}
		{B8797C22-A4EA-47A8-ABFF-83FA0750ED69} = {9259CFDC-245D-444B-9786-F96D1100BA36}
		{9A4DE6B2-7210-475E-9636-1DE74530BE2C} = {9259CFDC-245D-444B-9786-F96D1100BA36}
		{C3719539-4888-444B-B190-B6805A21D011} = {9259CFDC-245D-444B-9786-F96D1100BA36}
		{FF6C8A83-7D55-4593-8C6E-1F3A8669F3CD} = {0669BAC9-9E6A-4BA2-9AEF-E1F9F05420C4}
		{A3680393-9B30-4A02-9D4F-BC93DE379E2A} = {0669BAC9-9E6A-4BA2-9AEF-E1F9F05420C4}
		{6602CDFF-A0D0-485B-BDF1-32D706735740} = {0669BAC9-9E6A-4BA2-9AEF-E1F9F05420C4}
	EndGlobalSection
	GlobalSection(ExtensibilityGlobals) = postSolution
		SolutionGuid = {B4AD8C44-4A42-48F5-9061-F7F2CC53C529}
	EndGlobalSection
EndGlobal
