
Microsoft Visual Studio Solution File, Format Version 12.00
# Visual Studio Version 17
VisualStudioVersion = 17.5.002.0
MinimumVisualStudioVersion = 10.0.40219.1
Project("{2150E333-8FDC-42A3-9474-1A3956D46DE8}") = "Creational", "Creational", "{A7C020D4-7F03-459B-8829-1F51494446C0}"
EndProject
Project("{9A19103F-16F7-4668-BE54-9A1E7A4F7556}") = "Builder", "Creational\Builder\Builder.csproj", "{C5519140-FCD7-4D77-83AC-07BCDB40A595}"
EndProject
Project("{9A19103F-16F7-4668-BE54-9A1E7A4F7556}") = "AbstractFactory", "Creational\AbstractFactory\AbstractFactory.csproj", "{EE479F44-C53C-4C1E-9FFF-7463C5B18D19}"
EndProject
Project("{9A19103F-16F7-4668-BE54-9A1E7A4F7556}") = "Prototype", "Creational\Prototype\Prototype.csproj", "{1866B38B-139C-4485-A064-380738324CD6}"
EndProject
Project("{9A19103F-16F7-4668-BE54-9A1E7A4F7556}") = "Singleton", "Creational\Singleton\Singleton.csproj", "{1BDE5F63-FBF4-4A7B-A926-8160CDDCB283}"
EndProject
Project("{9A19103F-16F7-4668-BE54-9A1E7A4F7556}") = "FactoryMethod", "Creational\FactoryMethod\FactoryMethod.csproj", "{5E90AB60-41CB-4CE7-9287-86C59676E1D7}"
EndProject
Project("{2150E333-8FDC-42A3-9474-1A3956D46DE8}") = "Behavioral", "Behavioral", "{163FEC26-A3D9-4548-9A0A-8ED655D6155B}"
EndProject
Project("{9A19103F-16F7-4668-BE54-9A1E7A4F7556}") = "ChainOfResponsibility", "Behavioral\ChainOfResponsibility\ChainOfResponsibility.csproj", "{707D6160-9339-4643-80F2-EEA89B0FDE10}"
EndProject
Project("{9A19103F-16F7-4668-BE54-9A1E7A4F7556}") = "State", "Behavioral\State\State.csproj", "{93DB7562-90B0-4E97-8139-4B8B68105822}"
EndProject
Project("{9A19103F-16F7-4668-BE54-9A1E7A4F7556}") = "Iterator", "Behavioral\Iterator\Iterator.csproj", "{A335C08A-BA3F-4060-876C-4CED5FDB682C}"
EndProject
Project("{9A19103F-16F7-4668-BE54-9A1E7A4F7556}") = "Observer", "Behavioral\Observer\Observer.csproj", "{6E9321BF-AD6B-401C-890D-844BC6BA87F1}"
EndProject
Project("{9A19103F-16F7-4668-BE54-9A1E7A4F7556}") = "TemplateMethod", "Behavioral\TemplateMethod\TemplateMethod.csproj", "{9CEBC3D6-9121-4AFE-9434-6428FCD309F4}"
EndProject
Project("{9A19103F-16F7-4668-BE54-9A1E7A4F7556}") = "Mediator", "Behavioral\Mediator\Mediator.csproj", "{4667CD86-38A2-434D-8D59-BCB9F74CB1A8}"
EndProject
Project("{9A19103F-16F7-4668-BE54-9A1E7A4F7556}") = "Momento", "Behavioral\Momento\Momento.csproj", "{22AACC39-FA34-448B-B373-F88CC2B82117}"
EndProject
Project("{9A19103F-16F7-4668-BE54-9A1E7A4F7556}") = "Command", "Behavioral\Command\Command.csproj", "{074EBFBB-6B04-4989-A533-8F22ECE6EBFC}"
EndProject
Project("{9A19103F-16F7-4668-BE54-9A1E7A4F7556}") = "Interpreter", "Behavioral\Interpreter\Interpreter.csproj", "{7B52A28E-645E-4756-AD7D-7A1283FA038A}"
EndProject
Project("{9A19103F-16F7-4668-BE54-9A1E7A4F7556}") = "Visitor", "Behavioral\Visitor\Visitor.csproj", "{ECFB29FD-095A-4C05-B400-2EE0311E87A4}"
EndProject
Project("{9A19103F-16F7-4668-BE54-9A1E7A4F7556}") = "Strategy", "Behavioral\Strategy\Strategy.csproj", "{78CCF249-85EC-42F9-8BE3-838D864E48FB}"
EndProject
Project("{2150E333-8FDC-42A3-9474-1A3956D46DE8}") = "Structural", "Structural", "{07BD0EA5-923E-404E-BFA2-848E3F5C632F}"
EndProject
Project("{9A19103F-16F7-4668-BE54-9A1E7A4F7556}") = "Proxy", "Structural\Proxy\Proxy.csproj", "{628722F8-ED56-49F9-BB1F-23D76E8147B4}"
EndProject
Project("{9A19103F-16F7-4668-BE54-9A1E7A4F7556}") = "Flyweight", "Structural\Flyweight\Flyweight.csproj", "{F9CED5B8-CF8F-4DA3-9B8C-478A492BF653}"
EndProject
Project("{9A19103F-16F7-4668-BE54-9A1E7A4F7556}") = "Facade", "Structural\Facade\Facade.csproj", "{1E0CBCA7-D55D-4109-A278-94BA8802F89C}"
EndProject
Project("{9A19103F-16F7-4668-BE54-9A1E7A4F7556}") = "Adapter", "Structural\Adapter\Adapter.csproj", "{EB683471-776B-4B6B-B2BF-3D34CD798CDB}"
EndProject
Project("{9A19103F-16F7-4668-BE54-9A1E7A4F7556}") = "Decorator", "Structural\Decorator\Decorator.csproj", "{FEA2C9EF-F102-40E7-840B-B944A9080022}"
EndProject
Project("{9A19103F-16F7-4668-BE54-9A1E7A4F7556}") = "Bridge", "Structural\Bridge\Bridge.csproj", "{C7343628-9632-4A1C-A1FC-AFC9D2BC5039}"
EndProject
Project("{9A19103F-16F7-4668-BE54-9A1E7A4F7556}") = "Composite", "Structural\Composite\Composite.csproj", "{97DC9AF9-6B22-402F-8A07-499A2742949A}"
EndProject
Global
	GlobalSection(SolutionConfigurationPlatforms) = preSolution
		Debug|Any CPU = Debug|Any CPU
		Release|Any CPU = Release|Any CPU
	EndGlobalSection
	GlobalSection(ProjectConfigurationPlatforms) = postSolution
		{C5519140-FCD7-4D77-83AC-07BCDB40A595}.Debug|Any CPU.ActiveCfg = Debug|Any CPU
		{C5519140-FCD7-4D77-83AC-07BCDB40A595}.Debug|Any CPU.Build.0 = Debug|Any CPU
		{C5519140-FCD7-4D77-83AC-07BCDB40A595}.Release|Any CPU.ActiveCfg = Release|Any CPU
		{C5519140-FCD7-4D77-83AC-07BCDB40A595}.Release|Any CPU.Build.0 = Release|Any CPU
		{EE479F44-C53C-4C1E-9FFF-7463C5B18D19}.Debug|Any CPU.ActiveCfg = Debug|Any CPU
		{EE479F44-C53C-4C1E-9FFF-7463C5B18D19}.Debug|Any CPU.Build.0 = Debug|Any CPU
		{EE479F44-C53C-4C1E-9FFF-7463C5B18D19}.Release|Any CPU.ActiveCfg = Release|Any CPU
		{EE479F44-C53C-4C1E-9FFF-7463C5B18D19}.Release|Any CPU.Build.0 = Release|Any CPU
		{1866B38B-139C-4485-A064-380738324CD6}.Debug|Any CPU.ActiveCfg = Debug|Any CPU
		{1866B38B-139C-4485-A064-380738324CD6}.Debug|Any CPU.Build.0 = Debug|Any CPU
		{1866B38B-139C-4485-A064-380738324CD6}.Release|Any CPU.ActiveCfg = Release|Any CPU
		{1866B38B-139C-4485-A064-380738324CD6}.Release|Any CPU.Build.0 = Release|Any CPU
		{1BDE5F63-FBF4-4A7B-A926-8160CDDCB283}.Debug|Any CPU.ActiveCfg = Debug|Any CPU
		{1BDE5F63-FBF4-4A7B-A926-8160CDDCB283}.Debug|Any CPU.Build.0 = Debug|Any CPU
		{1BDE5F63-FBF4-4A7B-A926-8160CDDCB283}.Release|Any CPU.ActiveCfg = Release|Any CPU
		{1BDE5F63-FBF4-4A7B-A926-8160CDDCB283}.Release|Any CPU.Build.0 = Release|Any CPU
		{5E90AB60-41CB-4CE7-9287-86C59676E1D7}.Debug|Any CPU.ActiveCfg = Debug|Any CPU
		{5E90AB60-41CB-4CE7-9287-86C59676E1D7}.Debug|Any CPU.Build.0 = Debug|Any CPU
		{5E90AB60-41CB-4CE7-9287-86C59676E1D7}.Release|Any CPU.ActiveCfg = Release|Any CPU
		{5E90AB60-41CB-4CE7-9287-86C59676E1D7}.Release|Any CPU.Build.0 = Release|Any CPU
		{707D6160-9339-4643-80F2-EEA89B0FDE10}.Debug|Any CPU.ActiveCfg = Debug|Any CPU
		{707D6160-9339-4643-80F2-EEA89B0FDE10}.Debug|Any CPU.Build.0 = Debug|Any CPU
		{707D6160-9339-4643-80F2-EEA89B0FDE10}.Release|Any CPU.ActiveCfg = Release|Any CPU
		{707D6160-9339-4643-80F2-EEA89B0FDE10}.Release|Any CPU.Build.0 = Release|Any CPU
		{93DB7562-90B0-4E97-8139-4B8B68105822}.Debug|Any CPU.ActiveCfg = Debug|Any CPU
		{93DB7562-90B0-4E97-8139-4B8B68105822}.Debug|Any CPU.Build.0 = Debug|Any CPU
		{93DB7562-90B0-4E97-8139-4B8B68105822}.Release|Any CPU.ActiveCfg = Release|Any CPU
		{93DB7562-90B0-4E97-8139-4B8B68105822}.Release|Any CPU.Build.0 = Release|Any CPU
		{A335C08A-BA3F-4060-876C-4CED5FDB682C}.Debug|Any CPU.ActiveCfg = Debug|Any CPU
		{A335C08A-BA3F-4060-876C-4CED5FDB682C}.Debug|Any CPU.Build.0 = Debug|Any CPU
		{A335C08A-BA3F-4060-876C-4CED5FDB682C}.Release|Any CPU.ActiveCfg = Release|Any CPU
		{A335C08A-BA3F-4060-876C-4CED5FDB682C}.Release|Any CPU.Build.0 = Release|Any CPU
		{6E9321BF-AD6B-401C-890D-844BC6BA87F1}.Debug|Any CPU.ActiveCfg = Debug|Any CPU
		{6E9321BF-AD6B-401C-890D-844BC6BA87F1}.Debug|Any CPU.Build.0 = Debug|Any CPU
		{6E9321BF-AD6B-401C-890D-844BC6BA87F1}.Release|Any CPU.ActiveCfg = Release|Any CPU
		{6E9321BF-AD6B-401C-890D-844BC6BA87F1}.Release|Any CPU.Build.0 = Release|Any CPU
		{9CEBC3D6-9121-4AFE-9434-6428FCD309F4}.Debug|Any CPU.ActiveCfg = Debug|Any CPU
		{9CEBC3D6-9121-4AFE-9434-6428FCD309F4}.Debug|Any CPU.Build.0 = Debug|Any CPU
		{9CEBC3D6-9121-4AFE-9434-6428FCD309F4}.Release|Any CPU.ActiveCfg = Release|Any CPU
		{9CEBC3D6-9121-4AFE-9434-6428FCD309F4}.Release|Any CPU.Build.0 = Release|Any CPU
		{4667CD86-38A2-434D-8D59-BCB9F74CB1A8}.Debug|Any CPU.ActiveCfg = Debug|Any CPU
		{4667CD86-38A2-434D-8D59-BCB9F74CB1A8}.Debug|Any CPU.Build.0 = Debug|Any CPU
		{4667CD86-38A2-434D-8D59-BCB9F74CB1A8}.Release|Any CPU.ActiveCfg = Release|Any CPU
		{4667CD86-38A2-434D-8D59-BCB9F74CB1A8}.Release|Any CPU.Build.0 = Release|Any CPU
		{22AACC39-FA34-448B-B373-F88CC2B82117}.Debug|Any CPU.ActiveCfg = Debug|Any CPU
		{22AACC39-FA34-448B-B373-F88CC2B82117}.Debug|Any CPU.Build.0 = Debug|Any CPU
		{22AACC39-FA34-448B-B373-F88CC2B82117}.Release|Any CPU.ActiveCfg = Release|Any CPU
		{22AACC39-FA34-448B-B373-F88CC2B82117}.Release|Any CPU.Build.0 = Release|Any CPU
		{074EBFBB-6B04-4989-A533-8F22ECE6EBFC}.Debug|Any CPU.ActiveCfg = Debug|Any CPU
		{074EBFBB-6B04-4989-A533-8F22ECE6EBFC}.Debug|Any CPU.Build.0 = Debug|Any CPU
		{074EBFBB-6B04-4989-A533-8F22ECE6EBFC}.Release|Any CPU.ActiveCfg = Release|Any CPU
		{074EBFBB-6B04-4989-A533-8F22ECE6EBFC}.Release|Any CPU.Build.0 = Release|Any CPU
		{7B52A28E-645E-4756-AD7D-7A1283FA038A}.Debug|Any CPU.ActiveCfg = Debug|Any CPU
		{7B52A28E-645E-4756-AD7D-7A1283FA038A}.Debug|Any CPU.Build.0 = Debug|Any CPU
		{7B52A28E-645E-4756-AD7D-7A1283FA038A}.Release|Any CPU.ActiveCfg = Release|Any CPU
		{7B52A28E-645E-4756-AD7D-7A1283FA038A}.Release|Any CPU.Build.0 = Release|Any CPU
		{ECFB29FD-095A-4C05-B400-2EE0311E87A4}.Debug|Any CPU.ActiveCfg = Debug|Any CPU
		{ECFB29FD-095A-4C05-B400-2EE0311E87A4}.Debug|Any CPU.Build.0 = Debug|Any CPU
		{ECFB29FD-095A-4C05-B400-2EE0311E87A4}.Release|Any CPU.ActiveCfg = Release|Any CPU
		{ECFB29FD-095A-4C05-B400-2EE0311E87A4}.Release|Any CPU.Build.0 = Release|Any CPU
		{78CCF249-85EC-42F9-8BE3-838D864E48FB}.Debug|Any CPU.ActiveCfg = Debug|Any CPU
		{78CCF249-85EC-42F9-8BE3-838D864E48FB}.Debug|Any CPU.Build.0 = Debug|Any CPU
		{78CCF249-85EC-42F9-8BE3-838D864E48FB}.Release|Any CPU.ActiveCfg = Release|Any CPU
		{78CCF249-85EC-42F9-8BE3-838D864E48FB}.Release|Any CPU.Build.0 = Release|Any CPU
		{628722F8-ED56-49F9-BB1F-23D76E8147B4}.Debug|Any CPU.ActiveCfg = Debug|Any CPU
		{628722F8-ED56-49F9-BB1F-23D76E8147B4}.Debug|Any CPU.Build.0 = Debug|Any CPU
		{628722F8-ED56-49F9-BB1F-23D76E8147B4}.Release|Any CPU.ActiveCfg = Release|Any CPU
		{628722F8-ED56-49F9-BB1F-23D76E8147B4}.Release|Any CPU.Build.0 = Release|Any CPU
		{F9CED5B8-CF8F-4DA3-9B8C-478A492BF653}.Debug|Any CPU.ActiveCfg = Debug|Any CPU
		{F9CED5B8-CF8F-4DA3-9B8C-478A492BF653}.Debug|Any CPU.Build.0 = Debug|Any CPU
		{F9CED5B8-CF8F-4DA3-9B8C-478A492BF653}.Release|Any CPU.ActiveCfg = Release|Any CPU
		{F9CED5B8-CF8F-4DA3-9B8C-478A492BF653}.Release|Any CPU.Build.0 = Release|Any CPU
		{1E0CBCA7-D55D-4109-A278-94BA8802F89C}.Debug|Any CPU.ActiveCfg = Debug|Any CPU
		{1E0CBCA7-D55D-4109-A278-94BA8802F89C}.Debug|Any CPU.Build.0 = Debug|Any CPU
		{1E0CBCA7-D55D-4109-A278-94BA8802F89C}.Release|Any CPU.ActiveCfg = Release|Any CPU
		{1E0CBCA7-D55D-4109-A278-94BA8802F89C}.Release|Any CPU.Build.0 = Release|Any CPU
		{EB683471-776B-4B6B-B2BF-3D34CD798CDB}.Debug|Any CPU.ActiveCfg = Debug|Any CPU
		{EB683471-776B-4B6B-B2BF-3D34CD798CDB}.Debug|Any CPU.Build.0 = Debug|Any CPU
		{EB683471-776B-4B6B-B2BF-3D34CD798CDB}.Release|Any CPU.ActiveCfg = Release|Any CPU
		{EB683471-776B-4B6B-B2BF-3D34CD798CDB}.Release|Any CPU.Build.0 = Release|Any CPU
		{FEA2C9EF-F102-40E7-840B-B944A9080022}.Debug|Any CPU.ActiveCfg = Debug|Any CPU
		{FEA2C9EF-F102-40E7-840B-B944A9080022}.Debug|Any CPU.Build.0 = Debug|Any CPU
		{FEA2C9EF-F102-40E7-840B-B944A9080022}.Release|Any CPU.ActiveCfg = Release|Any CPU
		{FEA2C9EF-F102-40E7-840B-B944A9080022}.Release|Any CPU.Build.0 = Release|Any CPU
		{C7343628-9632-4A1C-A1FC-AFC9D2BC5039}.Debug|Any CPU.ActiveCfg = Debug|Any CPU
		{C7343628-9632-4A1C-A1FC-AFC9D2BC5039}.Debug|Any CPU.Build.0 = Debug|Any CPU
		{C7343628-9632-4A1C-A1FC-AFC9D2BC5039}.Release|Any CPU.ActiveCfg = Release|Any CPU
		{C7343628-9632-4A1C-A1FC-AFC9D2BC5039}.Release|Any CPU.Build.0 = Release|Any CPU
		{97DC9AF9-6B22-402F-8A07-499A2742949A}.Debug|Any CPU.ActiveCfg = Debug|Any CPU
		{97DC9AF9-6B22-402F-8A07-499A2742949A}.Debug|Any CPU.Build.0 = Debug|Any CPU
		{97DC9AF9-6B22-402F-8A07-499A2742949A}.Release|Any CPU.ActiveCfg = Release|Any CPU
		{97DC9AF9-6B22-402F-8A07-499A2742949A}.Release|Any CPU.Build.0 = Release|Any CPU
	EndGlobalSection
	GlobalSection(SolutionProperties) = preSolution
		HideSolutionNode = FALSE
	EndGlobalSection
	GlobalSection(NestedProjects) = preSolution
		{C5519140-FCD7-4D77-83AC-07BCDB40A595} = {A7C020D4-7F03-459B-8829-1F51494446C0}
		{EE479F44-C53C-4C1E-9FFF-7463C5B18D19} = {A7C020D4-7F03-459B-8829-1F51494446C0}
		{1866B38B-139C-4485-A064-380738324CD6} = {A7C020D4-7F03-459B-8829-1F51494446C0}
		{1BDE5F63-FBF4-4A7B-A926-8160CDDCB283} = {A7C020D4-7F03-459B-8829-1F51494446C0}
		{5E90AB60-41CB-4CE7-9287-86C59676E1D7} = {A7C020D4-7F03-459B-8829-1F51494446C0}
		{707D6160-9339-4643-80F2-EEA89B0FDE10} = {163FEC26-A3D9-4548-9A0A-8ED655D6155B}
		{93DB7562-90B0-4E97-8139-4B8B68105822} = {163FEC26-A3D9-4548-9A0A-8ED655D6155B}
		{A335C08A-BA3F-4060-876C-4CED5FDB682C} = {163FEC26-A3D9-4548-9A0A-8ED655D6155B}
		{6E9321BF-AD6B-401C-890D-844BC6BA87F1} = {163FEC26-A3D9-4548-9A0A-8ED655D6155B}
		{9CEBC3D6-9121-4AFE-9434-6428FCD309F4} = {163FEC26-A3D9-4548-9A0A-8ED655D6155B}
		{4667CD86-38A2-434D-8D59-BCB9F74CB1A8} = {163FEC26-A3D9-4548-9A0A-8ED655D6155B}
		{22AACC39-FA34-448B-B373-F88CC2B82117} = {163FEC26-A3D9-4548-9A0A-8ED655D6155B}
		{074EBFBB-6B04-4989-A533-8F22ECE6EBFC} = {163FEC26-A3D9-4548-9A0A-8ED655D6155B}
		{7B52A28E-645E-4756-AD7D-7A1283FA038A} = {163FEC26-A3D9-4548-9A0A-8ED655D6155B}
		{ECFB29FD-095A-4C05-B400-2EE0311E87A4} = {163FEC26-A3D9-4548-9A0A-8ED655D6155B}
		{78CCF249-85EC-42F9-8BE3-838D864E48FB} = {163FEC26-A3D9-4548-9A0A-8ED655D6155B}
		{628722F8-ED56-49F9-BB1F-23D76E8147B4} = {07BD0EA5-923E-404E-BFA2-848E3F5C632F}
		{F9CED5B8-CF8F-4DA3-9B8C-478A492BF653} = {07BD0EA5-923E-404E-BFA2-848E3F5C632F}
		{1E0CBCA7-D55D-4109-A278-94BA8802F89C} = {07BD0EA5-923E-404E-BFA2-848E3F5C632F}
		{EB683471-776B-4B6B-B2BF-3D34CD798CDB} = {07BD0EA5-923E-404E-BFA2-848E3F5C632F}
		{FEA2C9EF-F102-40E7-840B-B944A9080022} = {07BD0EA5-923E-404E-BFA2-848E3F5C632F}
		{C7343628-9632-4A1C-A1FC-AFC9D2BC5039} = {07BD0EA5-923E-404E-BFA2-848E3F5C632F}
		{97DC9AF9-6B22-402F-8A07-499A2742949A} = {07BD0EA5-923E-404E-BFA2-848E3F5C632F}
	EndGlobalSection
	GlobalSection(ExtensibilityGlobals) = postSolution
		SolutionGuid = {B4AD8C44-4A42-48F5-9061-F7F2CC53C529}
	EndGlobalSection
EndGlobal
